<?xml version="1.0" encoding="utf-8"?>
<Project ToolsVersion="4.0" xmlns="http://schemas.microsoft.com/developer/msbuild/2003">
  <ItemGroup>
    <Filter Include="Core">
      <UniqueIdentifier>{2EB4837C-1AEB-840D-C3D7-6A10AFED000F}</UniqueIdentifier>
    </Filter>
    <Filter Include="Graphics">
      <UniqueIdentifier>{1653CE33-0220-293F-2B39-17E717655ECD}</UniqueIdentifier>
    </Filter>
  </ItemGroup>
  <ItemGroup>
    <ClInclude Include="..\src\Core\Camera.h">
      <Filter>Core</Filter>
    </ClInclude>
    <ClInclude Include="..\src\Core\Engine.h">
      <Filter>Core</Filter>
    </ClInclude>
    <ClInclude Include="..\src\Core\Error.h">
      <Filter>Core</Filter>
    </ClInclude>
    <ClInclude Include="..\src\Core\VulkanWindow.h">
      <Filter>Core</Filter>
    </ClInclude>
    <ClInclude Include="..\src\Graphics\Allocator.h">
      <Filter>Graphics</Filter>
    </ClInclude>
    <ClInclude Include="..\src\Graphics\Character.h">
      <Filter>Graphics</Filter>
    </ClInclude>
    <ClInclude Include="..\src\Graphics\Common.h">
      <Filter>Graphics</Filter>
    </ClInclude>
    <ClInclude Include="..\src\Graphics\Light.h">
      <Filter>Graphics</Filter>
    </ClInclude>
    <ClInclude Include="..\src\Graphics\Model.h">
      <Filter>Graphics</Filter>
    </ClInclude>
    <ClInclude Include="..\src\Graphics\Player.h">
      <Filter>Graphics</Filter>
    </ClInclude>
    <ClInclude Include="..\src\Graphics\Renderer.h">
      <Filter>Graphics</Filter>
    </ClInclude>
    <ClInclude Include="..\src\Graphics\VulkanBuffer.h">
      <Filter>Graphics</Filter>
    </ClInclude>
    <ClInclude Include="..\src\Graphics\VulkanContext.h">
      <Filter>Graphics</Filter>
    </ClInclude>
    <ClInclude Include="..\src\Graphics\VulkanImage.h">
      <Filter>Graphics</Filter>
    </ClInclude>
    <ClInclude Include="..\src\Graphics\VulkanObjects.h">
      <Filter>Graphics</Filter>
    </ClInclude>
    <ClInclude Include="..\src\Graphics\Enemy.h">
      <Filter>Graphics</Filter>
    </ClInclude>
    <ClInclude Include="..\src\Core\Collision.h">
      <Filter>Core</Filter>
    </ClInclude>
    <ClInclude Include="..\src\Core\World.h">
      <Filter>Core</Filter>
    </ClInclude>
  </ItemGroup>
  <ItemGroup>
    <ClCompile Include="..\src\Core\Camera.cpp">
      <Filter>Core</Filter>
    </ClCompile>
    <ClCompile Include="..\src\Core\Engine.cpp">
      <Filter>Core</Filter>
    </ClCompile>
    <ClCompile Include="..\src\Core\VulkanWindow.cpp">
      <Filter>Core</Filter>
    </ClCompile>
    <ClCompile Include="..\src\Graphics\Allocator.cpp">
      <Filter>Graphics</Filter>
    </ClCompile>
    <ClCompile Include="..\src\Graphics\Character.cpp">
      <Filter>Graphics</Filter>
    </ClCompile>
    <ClCompile Include="..\src\Graphics\Light.cpp">
      <Filter>Graphics</Filter>
    </ClCompile>
    <ClCompile Include="..\src\Graphics\Model.cpp">
      <Filter>Graphics</Filter>
    </ClCompile>
    <ClCompile Include="..\src\Graphics\Player.cpp">
      <Filter>Graphics</Filter>
    </ClCompile>
    <ClCompile Include="..\src\Graphics\Renderer.cpp">
      <Filter>Graphics</Filter>
    </ClCompile>
    <ClCompile Include="..\src\Graphics\VulkanBuffer.cpp">
      <Filter>Graphics</Filter>
    </ClCompile>
    <ClCompile Include="..\src\Graphics\VulkanContext.cpp">
      <Filter>Graphics</Filter>
    </ClCompile>
    <ClCompile Include="..\src\Graphics\VulkanImage.cpp">
      <Filter>Graphics</Filter>
    </ClCompile>
    <ClCompile Include="..\src\Graphics\VulkanObjects.cpp">
      <Filter>Graphics</Filter>
    </ClCompile>
    <ClCompile Include="..\src\main.cpp" />
    <ClCompile Include="..\src\Graphics\Enemy.cpp">
      <Filter>Graphics</Filter>
    </ClCompile>
    <ClCompile Include="..\src\Core\Collision.cpp">
      <Filter>Core</Filter>
    </ClCompile>
  </ItemGroup>
</Project>